dependencies:
- name: ingress-nginx
  repository: https://kubernetes.github.io/ingress-nginx
  version: 4.10.0
- name: cert-manager
  repository: oci://quay.io/jetstack/charts
  version: v1.20.2
digest: sha256:4e5b6f917476d611b225e0a463a469d72f20c53b6eb7857e82f048de9a193ccf
generated: "2026-06-15T16:24:03.110792073Z"
